
Microsoft Visual Studio Solution File, Format Version 12.00
# Visual Studio Version 16
VisualStudioVersion = 16.0.31729.503
MinimumVisualStudioVersion = 10.0.40219.1
Project("{FAE04EC0-301F-11D3-BF4B-00C04F79EFBC}") = "TP11", "TP11\TP11.csproj", "{2247FF32-59AE-4083-91FA-D123B443DE58}"
EndProject
Global
	GlobalSection(SolutionConfigurationPlatforms) = preSolution
		Debug|Any CPU = Debug|Any CPU
		Release|Any CPU = Release|Any CPU
	EndGlobalSection
	GlobalSection(ProjectConfigurationPlatforms) = postSolution
		{2247FF32-59AE-4083-91FA-D123B443DE58}.Debug|Any CPU.ActiveCfg = Debug|Any CPU
		{2247FF32-59AE-4083-91FA-D123B443DE58}.Debug|Any CPU.Build.0 = Debug|Any CPU
		{2247FF32-59AE-4083-91FA-D123B443DE58}.Release|Any CPU.ActiveCfg = Release|Any CPU
		{2247FF32-59AE-4083-91FA-D123B443DE58}.Release|Any CPU.Build.0 = Release|Any CPU
	EndGlobalSection
	GlobalSection(SolutionProperties) = preSolution
		HideSolutionNode = FALSE
	EndGlobalSection
	GlobalSection(ExtensibilityGlobals) = postSolution
		SolutionGuid = {0C6C8160-02EB-4335-BFC5-08A085326172}
	EndGlobalSection
EndGlobal
